
Microsoft Visual Studio Solution File, Format Version 12.00
# Visual Studio Version 17
VisualStudioVersion = 17.1.32421.90
MinimumVisualStudioVersion = 10.0.40219.1
Project("{9A19103F-16F7-4668-BE54-9A1E7A4F7556}") = "Backend", "Backend.csproj", "{7B9425EB-09EA-40AC-8743-24EA8785876D}"
EndProject
Project("{FAE04EC0-301F-11D3-BF4B-00C04F79EFBC}") = "FindJobUnitTests", "..\FindJobUnitTests\FindJobUnitTests.csproj", "{C1478ADE-EF64-4300-A6C8-033F0EFE8685}"
EndProject
Project("{FAE04EC0-301F-11D3-BF4B-00C04F79EFBC}") = "FindJobIntegrationTests", "..\FindJobIntegrationTests\FindJobIntegrationTests.csproj", "{EFDD9B56-665A-4A73-9BC6-59D05002C939}"
EndProject
Global
	GlobalSection(SolutionConfigurationPlatforms) = preSolution
		Debug|Any CPU = Debug|Any CPU
		Release|Any CPU = Release|Any CPU
	EndGlobalSection
	GlobalSection(ProjectConfigurationPlatforms) = postSolution
		{7B9425EB-09EA-40AC-8743-24EA8785876D}.Debug|Any CPU.ActiveCfg = Debug|Any CPU
		{7B9425EB-09EA-40AC-8743-24EA8785876D}.Debug|Any CPU.Build.0 = Debug|Any CPU
		{7B9425EB-09EA-40AC-8743-24EA8785876D}.Release|Any CPU.ActiveCfg = Debug|Any CPU
		{7B9425EB-09EA-40AC-8743-24EA8785876D}.Release|Any CPU.Build.0 = Debug|Any CPU
		{C1478ADE-EF64-4300-A6C8-033F0EFE8685}.Debug|Any CPU.ActiveCfg = Debug|Any CPU
		{C1478ADE-EF64-4300-A6C8-033F0EFE8685}.Debug|Any CPU.Build.0 = Debug|Any CPU
		{C1478ADE-EF64-4300-A6C8-033F0EFE8685}.Release|Any CPU.ActiveCfg = Release|Any CPU
		{C1478ADE-EF64-4300-A6C8-033F0EFE8685}.Release|Any CPU.Build.0 = Release|Any CPU
		{EFDD9B56-665A-4A73-9BC6-59D05002C939}.Debug|Any CPU.ActiveCfg = Debug|Any CPU
		{EFDD9B56-665A-4A73-9BC6-59D05002C939}.Debug|Any CPU.Build.0 = Debug|Any CPU
		{EFDD9B56-665A-4A73-9BC6-59D05002C939}.Release|Any CPU.ActiveCfg = Release|Any CPU
		{EFDD9B56-665A-4A73-9BC6-59D05002C939}.Release|Any CPU.Build.0 = Release|Any CPU
	EndGlobalSection
	GlobalSection(SolutionProperties) = preSolution
		HideSolutionNode = FALSE
	EndGlobalSection
	GlobalSection(ExtensibilityGlobals) = postSolution
		SolutionGuid = {3003F290-6448-4FA2-A266-4981FC341ED6}
	EndGlobalSection
EndGlobal
