
Microsoft Visual Studio Solution File, Format Version 12.00
# Visual Studio Version 17
VisualStudioVersion = 17.1.32421.90
MinimumVisualStudioVersion = 10.0.40219.1
Project("{FAE04EC0-301F-11D3-BF4B-00C04F79EFBC}") = "FindJob - Backend", "FindJob - Backend\FindJob - Backend.csproj", "{6193F392-0039-46E2-86AD-DCF7789C8AF1}"
EndProject
Global
	GlobalSection(SolutionConfigurationPlatforms) = preSolution
		Debug|Any CPU = Debug|Any CPU
		Release|Any CPU = Release|Any CPU
	EndGlobalSection
	GlobalSection(ProjectConfigurationPlatforms) = postSolution
		{6193F392-0039-46E2-86AD-DCF7789C8AF1}.Debug|Any CPU.ActiveCfg = Debug|Any CPU
		{6193F392-0039-46E2-86AD-DCF7789C8AF1}.Debug|Any CPU.Build.0 = Debug|Any CPU
		{6193F392-0039-46E2-86AD-DCF7789C8AF1}.Release|Any CPU.ActiveCfg = Release|Any CPU
		{6193F392-0039-46E2-86AD-DCF7789C8AF1}.Release|Any CPU.Build.0 = Release|Any CPU
	EndGlobalSection
	GlobalSection(SolutionProperties) = preSolution
		HideSolutionNode = FALSE
	EndGlobalSection
	GlobalSection(ExtensibilityGlobals) = postSolution
		SolutionGuid = {18B991C0-1234-455A-B9B9-36585ED5F476}
	EndGlobalSection
EndGlobal
